{
  "nodes": {
    "flake-compat": {
      "flake": false,
      "locked": {
        "lastModified": 1650374568,
        "narHash": "sha256-Z+s0J8/r907g149rllvwhb4pKi8Wam5ij0st8PwAh+E=",
        "owner": "edolstra",
        "repo": "flake-compat",
        "rev": "b4a34015c698c7793d592d66adbab377907a2be8",
        "type": "github"
      },
      "original": {
        "owner": "edolstra",
        "repo": "flake-compat",
        "type": "github"
      }
    },
    "home-manager": {
      "inputs": {
        "nixpkgs": [
          "nixpkgs"
        ]
      },
      "locked": {
        "lastModified": 1654113406,
        "narHash": "sha256-70esZvhal+FsyU89mJRcAb+cDGHKt0sgZ6MlRr9Cplg=",
        "owner": "nix-community",
        "repo": "home-manager",
        "rev": "684e85d01d333be91c4875baebb05b93c7d2ffaa",
        "type": "github"
      },
      "original": {
        "owner": "nix-community",
        "repo": "home-manager",
        "type": "github"
      }
    },
    "libnbtplusplus": {
      "flake": false,
      "locked": {
        "lastModified": 1591558203,
        "narHash": "sha256-QgvNvaoFflCXEPCCFBCeZvYTpuiwScBG7EosUgFwFNQ=",
        "owner": "multimc",
        "repo": "libnbtplusplus",
        "rev": "dc72a20b7efd304d12af2025223fad07b4b78464",
        "type": "github"
      },
      "original": {
        "owner": "multimc",
        "repo": "libnbtplusplus",
        "type": "github"
      }
    },
    "nixpkgs": {
      "locked": {
        "lastModified": 1654019511,
        "narHash": "sha256-s3fcwUxa2rV2ZmSbdOtisNmXqeqnF9IFrvhPQL5GCBU=",
        "owner": "NixOS",
        "repo": "nixpkgs",
        "rev": "692517bf851f2d8d999f0ad50f53fa1d2dd5c8f9",
        "type": "github"
      },
      "original": {
        "owner": "NixOS",
        "ref": "nixos-unstable",
        "repo": "nixpkgs",
        "type": "github"
      }
    },
    "nixpkgs_2": {
      "locked": {
        "lastModified": 1653326962,
        "narHash": "sha256-W8feCYqKTsMre4nAEpv5Kx1PVFC+hao/LwqtB2Wci/8=",
        "owner": "nixos",
        "repo": "nixpkgs",
        "rev": "41cc1d5d9584103be4108c1815c350e07c807036",
        "type": "github"
      },
      "original": {
        "owner": "nixos",
        "ref": "nixpkgs-unstable",
        "repo": "nixpkgs",
        "type": "github"
      }
    },
    "nur": {
      "locked": {
        "lastModified": 1654248756,
        "narHash": "sha256-LZuhksW59MwklXQPGlnqns07rz91NAqnDM7K5+s5Kro=",
        "owner": "nix-community",
        "repo": "NUR",
        "rev": "5473c9e430d69b933cae009b0e686e1316c57718",
        "type": "github"
      },
      "original": {
        "owner": "nix-community",
        "repo": "NUR",
        "type": "github"
      }
    },
    "polymc": {
      "inputs": {
        "flake-compat": "flake-compat",
        "libnbtplusplus": "libnbtplusplus",
        "nixpkgs": "nixpkgs_2"
      },
      "locked": {
        "lastModified": 1654241436,
        "narHash": "sha256-Pj/TVbtIeVaFtFw8ZxOcMm0wZTdDFgHaOA1F7TnHfZM=",
        "owner": "PolyMC",
        "repo": "PolyMC",
        "rev": "4ca634d229cfd6451c821fac36f5906ea020dbf7",
        "type": "github"
      },
      "original": {
        "owner": "PolyMC",
        "repo": "PolyMC",
        "type": "github"
      }
    },
    "root": {
      "inputs": {
        "home-manager": "home-manager",
        "nixpkgs": "nixpkgs",
        "nur": "nur",
        "polymc": "polymc"
      }
    }
  },
  "root": "root",
  "version": 7
}
