{
  "nodes": {
    "darwin": {
      "inputs": {
        "nixpkgs": [
          "nixpkgs"
        ]
      },
      "locked": {
        "lastModified": 1663677921,
        "narHash": "sha256-NfQnUfRrjv8DXeugdbQC5El+MMhShP42ohc8iM+UAdM=",
        "owner": "lnl7",
        "repo": "nix-darwin",
        "rev": "088c98a584a38b5f844bb9e9cd32eb28479ca6d7",
        "type": "github"
      },
      "original": {
        "owner": "lnl7",
        "ref": "master",
        "repo": "nix-darwin",
        "type": "github"
      }
    },
    "grub2-themes": {
      "inputs": {
        "nixpkgs": "nixpkgs"
      },
      "locked": {
        "lastModified": 1648398371,
        "narHash": "sha256-Ti32Wbftf33gfMd/R6z+ESc9mF7In38GHH7F/cXJKeM=",
        "owner": "vinceliuice",
        "repo": "grub2-themes",
        "rev": "fa74d1b6af8ba7cb142a14e4e4deb46789f1a6af",
        "type": "github"
      },
      "original": {
        "owner": "vinceliuice",
        "repo": "grub2-themes",
        "type": "github"
      }
    },
    "home-manager": {
      "inputs": {
        "nixpkgs": [
          "nixpkgs"
        ],
        "utils": "utils"
      },
      "locked": {
        "lastModified": 1661201353,
        "narHash": "sha256-hee34c72DNz1Otj86b2NEc4s1JQ+qnIb1XyWuUD4v6o=",
        "owner": "nix-community",
        "repo": "home-manager",
        "rev": "0160a0cef076294127f8cc0750019410ab94370d",
        "type": "github"
      },
      "original": {
        "owner": "nix-community",
        "repo": "home-manager",
        "type": "github"
      }
    },
    "nixpkgs": {
      "locked": {
        "lastModified": 1661251595,
        "narHash": "sha256-jFjkn3S3E7RsDF8v8FK+tZyVTZaY7uLfl1i7PT3QCFM=",
        "owner": "NixOS",
        "repo": "nixpkgs",
        "rev": "a7ae60e82fc90ae8d73051e2c0ef41d7714028b8",
        "type": "github"
      },
      "original": {
        "owner": "NixOS",
        "ref": "master",
        "repo": "nixpkgs",
        "type": "github"
      }
    },
    "nixpkgs_2": {
      "locked": {
        "lastModified": 1661088761,
        "narHash": "sha256-5DGKX81wIPAAiLwUmUYECpA3vop94AHHR7WmGXSsQok=",
        "owner": "NixOS",
        "repo": "nixpkgs",
        "rev": "a7855f2235a1876f97473a76151fec2afa02b287",
        "type": "github"
      },
      "original": {
        "owner": "NixOS",
        "ref": "nixos-unstable",
        "repo": "nixpkgs",
        "type": "github"
      }
    },
    "nur": {
      "locked": {
        "lastModified": 1661245142,
        "narHash": "sha256-MJVaqjZZRW2qZsjhV8+pTLWOjnQavSLMuxwrhddVHeU=",
        "owner": "nix-community",
        "repo": "NUR",
        "rev": "8b40322d917b468674761ca62ab15c3cb08316c8",
        "type": "github"
      },
      "original": {
        "owner": "nix-community",
        "repo": "NUR",
        "type": "github"
      }
    },
    "root": {
      "inputs": {
        "darwin": "darwin",
        "grub2-themes": "grub2-themes",
        "home-manager": "home-manager",
        "nixpkgs": "nixpkgs_2",
        "nur": "nur"
      }
    },
    "utils": {
      "locked": {
        "lastModified": 1653893745,
        "narHash": "sha256-0jntwV3Z8//YwuOjzhV2sgJJPt+HY6KhU7VZUL0fKZQ=",
        "owner": "numtide",
        "repo": "flake-utils",
        "rev": "1ed9fb1935d260de5fe1c2f7ee0ebaae17ed2fa1",
        "type": "github"
      },
      "original": {
        "owner": "numtide",
        "repo": "flake-utils",
        "type": "github"
      }
    }
  },
  "root": "root",
  "version": 7
}
